
Microsoft Visual Studio Solution File, Format Version 12.00
# Visual Studio 15
VisualStudioVersion = 15.0.27130.2027
MinimumVisualStudioVersion = 10.0.40219.1
Project("{00D1A9C2-B5F0-4AF3-8072-F6C62B433612}") = "BreakAwayGeeksAdventures", "BreakAwayGeeksAdventures\BreakAwayGeeksAdventures.sqlproj", "{CA2318F1-191D-4479-98A5-1FB39BA81081}"
EndProject
Project("{FAE04EC0-301F-11D3-BF4B-00C04F79EFBC}") = "DataLayerForFluent.Model", "..\..\Git\BreakAway\BreakAway\DataLayerForFluent.Model.csproj", "{5D2A7365-603C-4EF1-B6DC-05577A359CFB}"
EndProject
Project("{FAE04EC0-301F-11D3-BF4B-00C04F79EFBC}") = "DataLayerForFluent.BreakAwayConsole", "..\..\Git\BreakAway\BreakAwayConsole\DataLayerForFluent.BreakAwayConsole.csproj", "{D26FDE88-2248-438C-BDA7-1E299A7F1399}"
EndProject
Project("{FAE04EC0-301F-11D3-BF4B-00C04F79EFBC}") = "DataLayerForFluent.DataAccess", "..\..\Git\BreakAway\DataAccess\DataLayerForFluent.DataAccess.csproj", "{985055A5-A367-4EED-AF5D-21C41FD2AE20}"
EndProject
Global
	GlobalSection(SolutionConfigurationPlatforms) = preSolution
		Debug|Any CPU = Debug|Any CPU
		Release|Any CPU = Release|Any CPU
	EndGlobalSection
	GlobalSection(ProjectConfigurationPlatforms) = postSolution
		{CA2318F1-191D-4479-98A5-1FB39BA81081}.Debug|Any CPU.ActiveCfg = Debug|Any CPU
		{CA2318F1-191D-4479-98A5-1FB39BA81081}.Debug|Any CPU.Build.0 = Debug|Any CPU
		{CA2318F1-191D-4479-98A5-1FB39BA81081}.Debug|Any CPU.Deploy.0 = Debug|Any CPU
		{CA2318F1-191D-4479-98A5-1FB39BA81081}.Release|Any CPU.ActiveCfg = Release|Any CPU
		{CA2318F1-191D-4479-98A5-1FB39BA81081}.Release|Any CPU.Build.0 = Release|Any CPU
		{CA2318F1-191D-4479-98A5-1FB39BA81081}.Release|Any CPU.Deploy.0 = Release|Any CPU
		{5D2A7365-603C-4EF1-B6DC-05577A359CFB}.Debug|Any CPU.ActiveCfg = Debug|Any CPU
		{5D2A7365-603C-4EF1-B6DC-05577A359CFB}.Debug|Any CPU.Build.0 = Debug|Any CPU
		{5D2A7365-603C-4EF1-B6DC-05577A359CFB}.Release|Any CPU.ActiveCfg = Release|Any CPU
		{5D2A7365-603C-4EF1-B6DC-05577A359CFB}.Release|Any CPU.Build.0 = Release|Any CPU
		{D26FDE88-2248-438C-BDA7-1E299A7F1399}.Debug|Any CPU.ActiveCfg = Debug|Any CPU
		{D26FDE88-2248-438C-BDA7-1E299A7F1399}.Debug|Any CPU.Build.0 = Debug|Any CPU
		{D26FDE88-2248-438C-BDA7-1E299A7F1399}.Release|Any CPU.ActiveCfg = Release|Any CPU
		{D26FDE88-2248-438C-BDA7-1E299A7F1399}.Release|Any CPU.Build.0 = Release|Any CPU
		{985055A5-A367-4EED-AF5D-21C41FD2AE20}.Debug|Any CPU.ActiveCfg = Debug|Any CPU
		{985055A5-A367-4EED-AF5D-21C41FD2AE20}.Debug|Any CPU.Build.0 = Debug|Any CPU
		{985055A5-A367-4EED-AF5D-21C41FD2AE20}.Release|Any CPU.ActiveCfg = Release|Any CPU
		{985055A5-A367-4EED-AF5D-21C41FD2AE20}.Release|Any CPU.Build.0 = Release|Any CPU
	EndGlobalSection
	GlobalSection(SolutionProperties) = preSolution
		HideSolutionNode = FALSE
	EndGlobalSection
	GlobalSection(ExtensibilityGlobals) = postSolution
		SolutionGuid = {29859FAD-97F7-409D-B041-269A7544D1ED}
	EndGlobalSection
EndGlobal
